
Microsoft Visual Studio Solution File, Format Version 12.00
# Visual Studio Version 16
VisualStudioVersion = 16.0.30309.148
MinimumVisualStudioVersion = 10.0.40219.1
Project("{9A19103F-16F7-4668-BE54-9A1E7A4F7556}") = "HiraganeoCore", "HiraganeoCore\HiraganeoCore.csproj", "{DEF3DD1C-28DE-4F54-BEC6-96F9D511D9C9}"
EndProject
Project("{9A19103F-16F7-4668-BE54-9A1E7A4F7556}") = "HiraganeoConsole", "HiraganeoConsole\HiraganeoConsole.csproj", "{1F626DED-91E6-4646-ADD6-8B6DD03A3914}"
EndProject
Project("{9A19103F-16F7-4668-BE54-9A1E7A4F7556}") = "HiraganeoApp", "HiraganeoApp\HiraganeoApp.csproj", "{60005C2E-6E7A-4653-8B4B-BA79FD3BAC0D}"
EndProject
Global
	GlobalSection(SolutionConfigurationPlatforms) = preSolution
		Debug|Any CPU = Debug|Any CPU
		Release|Any CPU = Release|Any CPU
	EndGlobalSection
	GlobalSection(ProjectConfigurationPlatforms) = postSolution
		{DEF3DD1C-28DE-4F54-BEC6-96F9D511D9C9}.Debug|Any CPU.ActiveCfg = Debug|Any CPU
		{DEF3DD1C-28DE-4F54-BEC6-96F9D511D9C9}.Debug|Any CPU.Build.0 = Debug|Any CPU
		{DEF3DD1C-28DE-4F54-BEC6-96F9D511D9C9}.Release|Any CPU.ActiveCfg = Debug|Any CPU
		{DEF3DD1C-28DE-4F54-BEC6-96F9D511D9C9}.Release|Any CPU.Build.0 = Debug|Any CPU
		{1F626DED-91E6-4646-ADD6-8B6DD03A3914}.Debug|Any CPU.ActiveCfg = Debug|Any CPU
		{1F626DED-91E6-4646-ADD6-8B6DD03A3914}.Debug|Any CPU.Build.0 = Debug|Any CPU
		{1F626DED-91E6-4646-ADD6-8B6DD03A3914}.Release|Any CPU.ActiveCfg = Debug|Any CPU
		{1F626DED-91E6-4646-ADD6-8B6DD03A3914}.Release|Any CPU.Build.0 = Debug|Any CPU
		{60005C2E-6E7A-4653-8B4B-BA79FD3BAC0D}.Debug|Any CPU.ActiveCfg = Debug|Any CPU
		{60005C2E-6E7A-4653-8B4B-BA79FD3BAC0D}.Debug|Any CPU.Build.0 = Debug|Any CPU
		{60005C2E-6E7A-4653-8B4B-BA79FD3BAC0D}.Release|Any CPU.ActiveCfg = Debug|Any CPU
		{60005C2E-6E7A-4653-8B4B-BA79FD3BAC0D}.Release|Any CPU.Build.0 = Debug|Any CPU
	EndGlobalSection
	GlobalSection(SolutionProperties) = preSolution
		HideSolutionNode = FALSE
	EndGlobalSection
	GlobalSection(ExtensibilityGlobals) = postSolution
		SolutionGuid = {EC5BFE50-0F56-4465-9DE5-E4F0110F5426}
	EndGlobalSection
EndGlobal
